
Microsoft Visual Studio Solution File, Format Version 12.00
# Visual Studio Version 16
VisualStudioVersion = 16.0.29728.190
MinimumVisualStudioVersion = 10.0.40219.1
Project("{FAE04EC0-301F-11D3-BF4B-00C04F79EFBC}") = "JenkingAPP", "JenkingAPP\JenkingAPP.csproj", "{A78345F8-63EA-4D33-BBB3-2FD62BADE364}"
EndProject
Project("{FAE04EC0-301F-11D3-BF4B-00C04F79EFBC}") = "JenkinsTest", "JenkinsTest\JenkinsTest.csproj", "{477E4F0E-A0EB-421B-957E-667F078D1253}"
EndProject
Global
	GlobalSection(SolutionConfigurationPlatforms) = preSolution
		Debug|Any CPU = Debug|Any CPU
		Release|Any CPU = Release|Any CPU
	EndGlobalSection
	GlobalSection(ProjectConfigurationPlatforms) = postSolution
		{A78345F8-63EA-4D33-BBB3-2FD62BADE364}.Debug|Any CPU.ActiveCfg = Debug|Any CPU
		{A78345F8-63EA-4D33-BBB3-2FD62BADE364}.Debug|Any CPU.Build.0 = Debug|Any CPU
		{A78345F8-63EA-4D33-BBB3-2FD62BADE364}.Release|Any CPU.ActiveCfg = Release|Any CPU
		{A78345F8-63EA-4D33-BBB3-2FD62BADE364}.Release|Any CPU.Build.0 = Release|Any CPU
		{477E4F0E-A0EB-421B-957E-667F078D1253}.Debug|Any CPU.ActiveCfg = Debug|Any CPU
		{477E4F0E-A0EB-421B-957E-667F078D1253}.Debug|Any CPU.Build.0 = Debug|Any CPU
		{477E4F0E-A0EB-421B-957E-667F078D1253}.Release|Any CPU.ActiveCfg = Release|Any CPU
		{477E4F0E-A0EB-421B-957E-667F078D1253}.Release|Any CPU.Build.0 = Release|Any CPU
	EndGlobalSection
	GlobalSection(SolutionProperties) = preSolution
		HideSolutionNode = FALSE
	EndGlobalSection
	GlobalSection(ExtensibilityGlobals) = postSolution
		SolutionGuid = {728ED9FC-4BF4-4AC4-8D5D-2D89B42EA15B}
	EndGlobalSection
EndGlobal
